Microsoft Visual Studio Solution File, Format Version 12.00
Project("{FAE04EC0-301F-11D3-BF4B-00C04F79EFBC}") = "RevoltBot", "Taco\Taco.csproj", "{2C5CC3EB-37EC-4DEE-960F-56FA8DFA52B6}"
EndProject
Project("{FAE04EC0-301F-11D3-BF4B-00C04F79EFBC}") = "Revolt.Net", "Revolt.Net\Revolt.Net.csproj", "{51307A35-3ABF-4899-9B20-CF91D1FCA323}"
EndProject
Project("{FAE04EC0-301F-11D3-BF4B-00C04F79EFBC}") = "DiscordBridge", "DiscordBridge\DiscordBridge.csproj", "{99660303-3636-45A6-B72B-ABCAD24A238D}"
EndProject
Global
	GlobalSection(SolutionConfigurationPlatforms) = preSolution
		Debug|Any CPU = Debug|Any CPU
		Release|Any CPU = Release|Any CPU
	EndGlobalSection
	GlobalSection(ProjectConfigurationPlatforms) = postSolution
		{2C5CC3EB-37EC-4DEE-960F-56FA8DFA52B6}.Debug|Any CPU.ActiveCfg = Debug|Any CPU
		{2C5CC3EB-37EC-4DEE-960F-56FA8DFA52B6}.Debug|Any CPU.Build.0 = Debug|Any CPU
		{2C5CC3EB-37EC-4DEE-960F-56FA8DFA52B6}.Release|Any CPU.ActiveCfg = Release|Any CPU
		{2C5CC3EB-37EC-4DEE-960F-56FA8DFA52B6}.Release|Any CPU.Build.0 = Release|Any CPU
		{51307A35-3ABF-4899-9B20-CF91D1FCA323}.Debug|Any CPU.ActiveCfg = Debug|Any CPU
		{51307A35-3ABF-4899-9B20-CF91D1FCA323}.Debug|Any CPU.Build.0 = Debug|Any CPU
		{51307A35-3ABF-4899-9B20-CF91D1FCA323}.Release|Any CPU.ActiveCfg = Release|Any CPU
		{51307A35-3ABF-4899-9B20-CF91D1FCA323}.Release|Any CPU.Build.0 = Release|Any CPU
		{99660303-3636-45A6-B72B-ABCAD24A238D}.Debug|Any CPU.ActiveCfg = Debug|Any CPU
		{99660303-3636-45A6-B72B-ABCAD24A238D}.Debug|Any CPU.Build.0 = Debug|Any CPU
		{99660303-3636-45A6-B72B-ABCAD24A238D}.Release|Any CPU.ActiveCfg = Release|Any CPU
		{99660303-3636-45A6-B72B-ABCAD24A238D}.Release|Any CPU.Build.0 = Release|Any CPU
	EndGlobalSection
EndGlobal
